
Microsoft Visual Studio Solution File, Format Version 12.00
# Visual Studio 15
Project("{FAE04EC0-301F-11D3-BF4B-00C04F79EFBC}") = "Assembly-CSharp", "Assembly-CSharp.csproj", "{7FB1C273-534D-494E-2CBE-A98FDBA83C8B}"
EndProject
Project("{FAE04EC0-301F-11D3-BF4B-00C04F79EFBC}") = "VuforiaScripts", "VuforiaScripts.csproj", "{CD4FC013-C8A8-D8B5-749F-26758E7824DE}"
EndProject
Project("{FAE04EC0-301F-11D3-BF4B-00C04F79EFBC}") = "VuforiaEditorScripts", "VuforiaEditorScripts.csproj", "{BF2CC2B4-49A8-DE48-CAAB-9D140B90FAD4}"
EndProject
Global
	GlobalSection(SolutionConfigurationPlatforms) = preSolution
		Debug|Any CPU = Debug|Any CPU
		Release|Any CPU = Release|Any CPU
	EndGlobalSection
	GlobalSection(ProjectConfigurationPlatforms) = postSolution
		{7FB1C273-534D-494E-2CBE-A98FDBA83C8B}.Debug|Any CPU.ActiveCfg = Debug|Any CPU
		{7FB1C273-534D-494E-2CBE-A98FDBA83C8B}.Debug|Any CPU.Build.0 = Debug|Any CPU
		{7FB1C273-534D-494E-2CBE-A98FDBA83C8B}.Release|Any CPU.ActiveCfg = Release|Any CPU
		{7FB1C273-534D-494E-2CBE-A98FDBA83C8B}.Release|Any CPU.Build.0 = Release|Any CPU
		{CD4FC013-C8A8-D8B5-749F-26758E7824DE}.Debug|Any CPU.ActiveCfg = Debug|Any CPU
		{CD4FC013-C8A8-D8B5-749F-26758E7824DE}.Debug|Any CPU.Build.0 = Debug|Any CPU
		{CD4FC013-C8A8-D8B5-749F-26758E7824DE}.Release|Any CPU.ActiveCfg = Release|Any CPU
		{CD4FC013-C8A8-D8B5-749F-26758E7824DE}.Release|Any CPU.Build.0 = Release|Any CPU
		{BF2CC2B4-49A8-DE48-CAAB-9D140B90FAD4}.Debug|Any CPU.ActiveCfg = Debug|Any CPU
		{BF2CC2B4-49A8-DE48-CAAB-9D140B90FAD4}.Debug|Any CPU.Build.0 = Debug|Any CPU
		{BF2CC2B4-49A8-DE48-CAAB-9D140B90FAD4}.Release|Any CPU.ActiveCfg = Release|Any CPU
		{BF2CC2B4-49A8-DE48-CAAB-9D140B90FAD4}.Release|Any CPU.Build.0 = Release|Any CPU
	EndGlobalSection
	GlobalSection(SolutionProperties) = preSolution
		HideSolutionNode = FALSE
	EndGlobalSection
EndGlobal
